
Microsoft Visual Studio Solution File, Format Version 12.00
# Visual Studio Version 16
VisualStudioVersion = 16.0.29613.14
MinimumVisualStudioVersion = 10.0.40219.1
Project("{FAE04EC0-301F-11D3-BF4B-00C04F79EFBC}") = "Proposal.Domain", "Proposal.Domain\Proposal.Domain.csproj", "{868D94B7-8361-40C4-AA45-E50B6759579A}"
EndProject
Project("{FAE04EC0-301F-11D3-BF4B-00C04F79EFBC}") = "Proposal.Repository", "Proposal.Repository\Proposal.Repository.csproj", "{95A408AA-6AEE-464D-91ED-2E95CC9FF4B6}"
EndProject
Project("{FAE04EC0-301F-11D3-BF4B-00C04F79EFBC}") = "Proposal.Web", "Proposal.Web\Proposal.Web.csproj", "{52D44486-2363-470D-9DB5-565BCF159EE1}"
EndProject
Global
	GlobalSection(SolutionConfigurationPlatforms) = preSolution
		Debug|Any CPU = Debug|Any CPU
		Release|Any CPU = Release|Any CPU
	EndGlobalSection
	GlobalSection(ProjectConfigurationPlatforms) = postSolution
		{868D94B7-8361-40C4-AA45-E50B6759579A}.Debug|Any CPU.ActiveCfg = Debug|Any CPU
		{868D94B7-8361-40C4-AA45-E50B6759579A}.Debug|Any CPU.Build.0 = Debug|Any CPU
		{868D94B7-8361-40C4-AA45-E50B6759579A}.Release|Any CPU.ActiveCfg = Release|Any CPU
		{868D94B7-8361-40C4-AA45-E50B6759579A}.Release|Any CPU.Build.0 = Release|Any CPU
		{95A408AA-6AEE-464D-91ED-2E95CC9FF4B6}.Debug|Any CPU.ActiveCfg = Debug|Any CPU
		{95A408AA-6AEE-464D-91ED-2E95CC9FF4B6}.Debug|Any CPU.Build.0 = Debug|Any CPU
		{95A408AA-6AEE-464D-91ED-2E95CC9FF4B6}.Release|Any CPU.ActiveCfg = Release|Any CPU
		{95A408AA-6AEE-464D-91ED-2E95CC9FF4B6}.Release|Any CPU.Build.0 = Release|Any CPU
		{52D44486-2363-470D-9DB5-565BCF159EE1}.Debug|Any CPU.ActiveCfg = Debug|Any CPU
		{52D44486-2363-470D-9DB5-565BCF159EE1}.Debug|Any CPU.Build.0 = Debug|Any CPU
		{52D44486-2363-470D-9DB5-565BCF159EE1}.Release|Any CPU.ActiveCfg = Release|Any CPU
		{52D44486-2363-470D-9DB5-565BCF159EE1}.Release|Any CPU.Build.0 = Release|Any CPU
	EndGlobalSection
	GlobalSection(SolutionProperties) = preSolution
		HideSolutionNode = FALSE
	EndGlobalSection
	GlobalSection(ExtensibilityGlobals) = postSolution
		SolutionGuid = {909C37AA-3675-4FCF-A1FC-631C6D5E112A}
	EndGlobalSection
EndGlobal
